
Microsoft Visual Studio Solution File, Format Version 12.00
# Visual Studio Version 16
VisualStudioVersion = 16.0.31729.503
MinimumVisualStudioVersion = 10.0.40219.1
Project("{FAE04EC0-301F-11D3-BF4B-00C04F79EFBC}") = "sda-csharp-exercises", "sda-csharp-exercises\sda-csharp-exercises.csproj", "{F27589BE-5FCF-477B-85A8-C2D9D2E1A095}"
EndProject
Global
	GlobalSection(SolutionConfigurationPlatforms) = preSolution
		Debug|Any CPU = Debug|Any CPU
		Release|Any CPU = Release|Any CPU
	EndGlobalSection
	GlobalSection(ProjectConfigurationPlatforms) = postSolution
		{F27589BE-5FCF-477B-85A8-C2D9D2E1A095}.Debug|Any CPU.ActiveCfg = Debug|Any CPU
		{F27589BE-5FCF-477B-85A8-C2D9D2E1A095}.Debug|Any CPU.Build.0 = Debug|Any CPU
		{F27589BE-5FCF-477B-85A8-C2D9D2E1A095}.Release|Any CPU.ActiveCfg = Release|Any CPU
		{F27589BE-5FCF-477B-85A8-C2D9D2E1A095}.Release|Any CPU.Build.0 = Release|Any CPU
	EndGlobalSection
	GlobalSection(SolutionProperties) = preSolution
		HideSolutionNode = FALSE
	EndGlobalSection
	GlobalSection(ExtensibilityGlobals) = postSolution
		SolutionGuid = {C4C6CBAA-6766-402E-97DA-BA1637325FBE}
	EndGlobalSection
EndGlobal
